
Microsoft Visual Studio Solution File, Format Version 12.00
# Visual Studio Version 17
VisualStudioVersion = 17.9.34714.143
MinimumVisualStudioVersion = 10.0.40219.1
Project("{FAE04EC0-301F-11D3-BF4B-00C04F79EFBC}") = "Project1", "Project1.csproj", "{731471FD-E672-47A1-B1F9-805DC93D1506}"
EndProject
Global
	GlobalSection(SolutionConfigurationPlatforms) = preSolution
		Debug|Any CPU = Debug|Any CPU
		Release|Any CPU = Release|Any CPU
	EndGlobalSection
	GlobalSection(ProjectConfigurationPlatforms) = postSolution
		{731471FD-E672-47A1-B1F9-805DC93D1506}.Debug|Any CPU.ActiveCfg = Debug|Any CPU
		{731471FD-E672-47A1-B1F9-805DC93D1506}.Debug|Any CPU.Build.0 = Debug|Any CPU
		{731471FD-E672-47A1-B1F9-805DC93D1506}.Release|Any CPU.ActiveCfg = Release|Any CPU
		{731471FD-E672-47A1-B1F9-805DC93D1506}.Release|Any CPU.Build.0 = Release|Any CPU
	EndGlobalSection
	GlobalSection(SolutionProperties) = preSolution
		HideSolutionNode = FALSE
	EndGlobalSection
	GlobalSection(ExtensibilityGlobals) = postSolution
		SolutionGuid = {4FFC6BBB-19A4-45B3-9330-31B8BCE04E9D}
	EndGlobalSection
EndGlobal
